
Microsoft Visual Studio Solution File, Format Version 12.00
# Visual Studio Version 16
VisualStudioVersion = 16.0.28803.202
MinimumVisualStudioVersion = 10.0.40219.1
Project("{FAE04EC0-301F-11D3-BF4B-00C04F79EFBC}") = "ModulSchool", "ModulSchool\ModulSchool.csproj", "{222A8FB5-9A76-43A7-A798-A1B77EE377DA}"
EndProject
Global
	GlobalSection(SolutionConfigurationPlatforms) = preSolution
		Debug|Any CPU = Debug|Any CPU
		Release|Any CPU = Release|Any CPU
	EndGlobalSection
	GlobalSection(ProjectConfigurationPlatforms) = postSolution
		{222A8FB5-9A76-43A7-A798-A1B77EE377DA}.Debug|Any CPU.ActiveCfg = Debug|Any CPU
		{222A8FB5-9A76-43A7-A798-A1B77EE377DA}.Debug|Any CPU.Build.0 = Debug|Any CPU
		{222A8FB5-9A76-43A7-A798-A1B77EE377DA}.Release|Any CPU.ActiveCfg = Release|Any CPU
		{222A8FB5-9A76-43A7-A798-A1B77EE377DA}.Release|Any CPU.Build.0 = Release|Any CPU
	EndGlobalSection
	GlobalSection(SolutionProperties) = preSolution
		HideSolutionNode = FALSE
	EndGlobalSection
	GlobalSection(ExtensibilityGlobals) = postSolution
		SolutionGuid = {182EC9BD-9223-4A19-A00F-7D0C05096D65}
	EndGlobalSection
EndGlobal
